// !$*UTF8*$!
{
	archiveVersion = 1;
	classes = {
	};
	objectVersion = 48;
	objects = {

/* Begin PBXBuildFile section */
		622A46AC20002AA700ACEB7D /* SensorProtocol.swift in Sources */ = {isa = PBXBuildFile; fileRef = 622A46AB20002AA700ACEB7D /* SensorProtocol.swift */; };
		622A46AE2000305500ACEB7D /* SensorViewModel.swift in Sources */ = {isa = PBXBuildFile; fileRef = 622A46AD2000305500ACEB7D /* SensorViewModel.swift */; };
		622A46B0200041E700ACEB7D /* AccelerometerModel.swift in Sources */ = {isa = PBXBuildFile; fileRef = 622A46AF200041E700ACEB7D /* AccelerometerModel.swift */; };
		624493D32005E48100F4884C /* StoryboardExtension.swift in Sources */ = {isa = PBXBuildFile; fileRef = 624493D22005E48100F4884C /* StoryboardExtension.swift */; };
		624493D62005E56400F4884C /* DoubleExtension.swift in Sources */ = {isa = PBXBuildFile; fileRef = 624493D52005E56400F4884C /* DoubleExtension.swift */; };
		6244D6E42005346500E134A2 /* ChartTableViewCell.swift in Sources */ = {isa = PBXBuildFile; fileRef = 6244D6E22005346500E134A2 /* ChartTableViewCell.swift */; };
		627FECD11FFECDE7001BC474 /* DashboardViewController.swift in Sources */ = {isa = PBXBuildFile; fileRef = 627FECD01FFECDE7001BC474 /* DashboardViewController.swift */; };
		627FECD41FFEE1AF001BC474 /* DashboardViewModel.swift in Sources */ = {isa = PBXBuildFile; fileRef = 627FECD31FFEE1AF001BC474 /* DashboardViewModel.swift */; };
		627FECD91FFEE51F001BC474 /* PressureModel.swift in Sources */ = {isa = PBXBuildFile; fileRef = 627FECD81FFEE51F001BC474 /* PressureModel.swift */; };
		62B318E41FE6B7DE00F49720 /* AppDelegate.swift in Sources */ = {isa = PBXBuildFile; fileRef = 62B318E31FE6B7DE00F49720 /* AppDelegate.swift */; };
		62B318E61FE6B7DE00F49720 /* DetailViewController.swift in Sources */ = {isa = PBXBuildFile; fileRef = 62B318E51FE6B7DE00F49720 /* DetailViewController.swift */; };
		62B318E91FE6B7DE00F49720 /* Main.storyboard in Resources */ = {isa = PBXBuildFile; fileRef = 62B318E71FE6B7DE00F49720 /* Main.storyboard */; };
		62B318EB1FE6B7DE00F49720 /* Assets.xcassets in Resources */ = {isa = PBXBuildFile; fileRef = 62B318EA1FE6B7DE00F49720 /* Assets.xcassets */; };
		62B318EE1FE6B7DE00F49720 /* LaunchScreen.storyboard in Resources */ = {isa = PBXBuildFile; fileRef = 62B318EC1FE6B7DE00F49720 /* LaunchScreen.storyboard */; };
		C7EBDF7513342315FEBBE252 /* Pods_Indicators.framework in Frameworks */ = {isa = PBXBuildFile; fileRef = E9AAE52BE429FEE72EC9D00B /* Pods_Indicators.framework */; };
/* End PBXBuildFile section */

/* Begin PBXFileReference section */
		377422CF3AE36A7B710ADBEC /* Pods-Indicators.debug.xcconfig */ = {isa = PBXFileReference; includeInIndex = 1; lastKnownFileType = text.xcconfig; name = "Pods-Indicators.debug.xcconfig"; path = "Pods/Target Support Files/Pods-Indicators/Pods-Indicators.debug.xcconfig"; sourceTree = "<group>"; };
		622A46AB20002AA700ACEB7D /* SensorProtocol.swift */ = {isa = PBXFileReference; lastKnownFileType = sourcecode.swift; path = SensorProtocol.swift; sourceTree = "<group>"; };
		622A46AD2000305500ACEB7D /* SensorViewModel.swift */ = {isa = PBXFileReference; lastKnownFileType = sourcecode.swift; path = SensorViewModel.swift; sourceTree = "<group>"; };
		622A46AF200041E700ACEB7D /* AccelerometerModel.swift */ = {isa = PBXFileReference; lastKnownFileType = sourcecode.swift; path = AccelerometerModel.swift; sourceTree = "<group>"; };
		624493D22005E48100F4884C /* StoryboardExtension.swift */ = {isa = PBXFileReference; lastKnownFileType = sourcecode.swift; path = StoryboardExtension.swift; sourceTree = "<group>"; };
		624493D52005E56400F4884C /* DoubleExtension.swift */ = {isa = PBXFileReference; lastKnownFileType = sourcecode.swift; path = DoubleExtension.swift; sourceTree = "<group>"; };
		6244D6E22005346500E134A2 /* ChartTableViewCell.swift */ = {isa = PBXFileReference; lastKnownFileType = sourcecode.swift; path = ChartTableViewCell.swift; sourceTree = "<group>"; };
		627FECD01FFECDE7001BC474 /* DashboardViewController.swift */ = {isa = PBXFileReference; lastKnownFileType = sourcecode.swift; path = DashboardViewController.swift; sourceTree = "<group>"; };
		627FECD31FFEE1AF001BC474 /* DashboardViewModel.swift */ = {isa = PBXFileReference; lastKnownFileType = sourcecode.swift; path = DashboardViewModel.swift; sourceTree = "<group>"; };
		627FECD81FFEE51F001BC474 /* PressureModel.swift */ = {isa = PBXFileReference; lastKnownFileType = sourcecode.swift; path = PressureModel.swift; sourceTree = "<group>"; };
		62B318E01FE6B7DE00F49720 /* Indicators.app */ = {isa = PBXFileReference; explicitFileType = wrapper.application; includeInIndex = 0; path = Indicators.app; sourceTree = BUILT_PRODUCTS_DIR; };
		62B318E31FE6B7DE00F49720 /* AppDelegate.swift */ = {isa = PBXFileReference; lastKnownFileType = sourcecode.swift; path = AppDelegate.swift; sourceTree = "<group>"; };
		62B318E51FE6B7DE00F49720 /* DetailViewController.swift */ = {isa = PBXFileReference; lastKnownFileType = sourcecode.swift; path = DetailViewController.swift; sourceTree = "<group>"; };
		62B318E81FE6B7DE00F49720 /* Base */ = {isa = PBXFileReference; lastKnownFileType = file.storyboard; name = Base; path = Base.lproj/Main.storyboard; sourceTree = "<group>"; };
		62B318EA1FE6B7DE00F49720 /* Assets.xcassets */ = {isa = PBXFileReference; lastKnownFileType = folder.assetcatalog; path = Assets.xcassets; sourceTree = "<group>"; };
		62B318ED1FE6B7DE00F49720 /* Base */ = {isa = PBXFileReference; lastKnownFileType = file.storyboard; name = Base; path = Base.lproj/LaunchScreen.storyboard; sourceTree = "<group>"; };
		62B318EF1FE6B7DE00F49720 /* Info.plist */ = {isa = PBXFileReference; lastKnownFileType = text.plist.xml; path = Info.plist; sourceTree = "<group>"; };
		70B53CB37FECA562F49ACE09 /* Pods-Indicators.release.xcconfig */ = {isa = PBXFileReference; includeInIndex = 1; lastKnownFileType = text.xcconfig; name = "Pods-Indicators.release.xcconfig"; path = "Pods/Target Support Files/Pods-Indicators/Pods-Indicators.release.xcconfig"; sourceTree = "<group>"; };
		E9AAE52BE429FEE72EC9D00B /* Pods_Indicators.framework */ = {isa = PBXFileReference; explicitFileType = wrapper.framework; includeInIndex = 0; path = Pods_Indicators.framework; sourceTree = BUILT_PRODUCTS_DIR; };
/* End PBXFileReference section */

/* Begin PBXFrameworksBuildPhase section */
		62B318DD1FE6B7DE00F49720 /* Frameworks */ = {
			isa = PBXFrameworksBuildPhase;
			buildActionMask = 2147483647;
			files = (
				C7EBDF7513342315FEBBE252 /* Pods_Indicators.framework in Frameworks */,
			);
			runOnlyForDeploymentPostprocessing = 0;
		};
/* End PBXFrameworksBuildPhase section */

/* Begin PBXGroup section */
		06F14D21D566A10C4DDB54BC /* Frameworks */ = {
			isa = PBXGroup;
			children = (
				E9AAE52BE429FEE72EC9D00B /* Pods_Indicators.framework */,
			);
			name = Frameworks;
			sourceTree = "<group>";
		};
		624493D42005E55600F4884C /* Helpers */ = {
			isa = PBXGroup;
			children = (
				624493D52005E56400F4884C /* DoubleExtension.swift */,
			);
			path = Helpers;
			sourceTree = "<group>";
		};
		6244D6E1200530EB00E134A2 /* ChartViewCell */ = {
			isa = PBXGroup;
			children = (
				6244D6E22005346500E134A2 /* ChartTableViewCell.swift */,
			);
			path = ChartViewCell;
			sourceTree = "<group>";
		};
		627FECCF1FFECDCA001BC474 /* Modules */ = {
			isa = PBXGroup;
			children = (
				627FECD51FFEE47F001BC474 /* Detail */,
				627FECD21FFEE19E001BC474 /* Dashboard */,
			);
			path = Modules;
			sourceTree = "<group>";
		};
		627FECD21FFEE19E001BC474 /* Dashboard */ = {
			isa = PBXGroup;
			children = (
				627FECD01FFECDE7001BC474 /* DashboardViewController.swift */,
				627FECD31FFEE1AF001BC474 /* DashboardViewModel.swift */,
				622A46AD2000305500ACEB7D /* SensorViewModel.swift */,
			);
			path = Dashboard;
			sourceTree = "<group>";
		};
		627FECD51FFEE47F001BC474 /* Detail */ = {
			isa = PBXGroup;
			children = (
				62B318E51FE6B7DE00F49720 /* DetailViewController.swift */,
			);
			path = Detail;
			sourceTree = "<group>";
		};
		627FECD61FFEE4BD001BC474 /* Storyboards */ = {
			isa = PBXGroup;
			children = (
				62B318E71FE6B7DE00F49720 /* Main.storyboard */,
				62B318EC1FE6B7DE00F49720 /* LaunchScreen.storyboard */,
				624493D22005E48100F4884C /* StoryboardExtension.swift */,
			);
			path = Storyboards;
			sourceTree = "<group>";
		};
		627FECD71FFEE507001BC474 /* Sensors */ = {
			isa = PBXGroup;
			children = (
				627FECD81FFEE51F001BC474 /* PressureModel.swift */,
				622A46AB20002AA700ACEB7D /* SensorProtocol.swift */,
				622A46AF200041E700ACEB7D /* AccelerometerModel.swift */,
			);
			path = Sensors;
			sourceTree = "<group>";
		};
		62970C0D1FFB7DD200F66644 /* Views */ = {
			isa = PBXGroup;
			children = (
				6244D6E1200530EB00E134A2 /* ChartViewCell */,
			);
			path = Views;
			sourceTree = "<group>";
		};
		62B318D71FE6B7DE00F49720 = {
			isa = PBXGroup;
			children = (
				62B318E21FE6B7DE00F49720 /* Indicators */,
				62B318E11FE6B7DE00F49720 /* Products */,
				BDEB35D135556F51B79E2CE5 /* Pods */,
				06F14D21D566A10C4DDB54BC /* Frameworks */,
			);
			sourceTree = "<group>";
		};
		62B318E11FE6B7DE00F49720 /* Products */ = {
			isa = PBXGroup;
			children = (
				62B318E01FE6B7DE00F49720 /* Indicators.app */,
			);
			name = Products;
			sourceTree = "<group>";
		};
		62B318E21FE6B7DE00F49720 /* Indicators */ = {
			isa = PBXGroup;
			children = (
				624493D42005E55600F4884C /* Helpers */,
				627FECD71FFEE507001BC474 /* Sensors */,
				62970C0D1FFB7DD200F66644 /* Views */,
				627FECCF1FFECDCA001BC474 /* Modules */,
				627FECD61FFEE4BD001BC474 /* Storyboards */,
				62B318E31FE6B7DE00F49720 /* AppDelegate.swift */,
				62B318EA1FE6B7DE00F49720 /* Assets.xcassets */,
				62B318EF1FE6B7DE00F49720 /* Info.plist */,
			);
			path = Indicators;
			sourceTree = "<group>";
		};
		BDEB35D135556F51B79E2CE5 /* Pods */ = {
			isa = PBXGroup;
			children = (
				377422CF3AE36A7B710ADBEC /* Pods-Indicators.debug.xcconfig */,
				70B53CB37FECA562F49ACE09 /* Pods-Indicators.release.xcconfig */,
			);
			name = Pods;
			sourceTree = "<group>";
		};
/* End PBXGroup section */

/* Begin PBXNativeTarget section */
		62B318DF1FE6B7DE00F49720 /* Indicators */ = {
			isa = PBXNativeTarget;
			buildConfigurationList = 62B318F21FE6B7DE00F49720 /* Build configuration list for PBXNativeTarget "Indicators" */;
			buildPhases = (
				5A6671C1E9AD55566815727F /* [CP] Check Pods Manifest.lock */,
				62B318DC1FE6B7DE00F49720 /* Sources */,
				62B318DD1FE6B7DE00F49720 /* Frameworks */,
				62B318DE1FE6B7DE00F49720 /* Resources */,
				C35585545C7C149D63B5AF2F /* [CP] Embed Pods Frameworks */,
				D8A209B984A4AAAA75BB3BCA /* [CP] Copy Pods Resources */,
				6244D6E0200504D300E134A2 /* ShellScript */,
			);
			buildRules = (
			);
			dependencies = (
			);
			name = Indicators;
			productName = Indicators;
			productReference = 62B318E01FE6B7DE00F49720 /* Indicators.app */;
			productType = "com.apple.product-type.application";
		};
/* End PBXNativeTarget section */

/* Begin PBXProject section */
		62B318D81FE6B7DE00F49720 /* Project object */ = {
			isa = PBXProject;
			attributes = {
				LastSwiftUpdateCheck = 0920;
				LastUpgradeCheck = 0920;
				ORGANIZATIONNAME = "Igor Nabokov";
				TargetAttributes = {
					62B318DF1FE6B7DE00F49720 = {
						CreatedOnToolsVersion = 9.2;
						ProvisioningStyle = Automatic;
					};
				};
			};
			buildConfigurationList = 62B318DB1FE6B7DE00F49720 /* Build configuration list for PBXProject "Indicators" */;
			compatibilityVersion = "Xcode 8.0";
			developmentRegion = en;
			hasScannedForEncodings = 0;
			knownRegions = (
				en,
				Base,
			);
			mainGroup = 62B318D71FE6B7DE00F49720;
			productRefGroup = 62B318E11FE6B7DE00F49720 /* Products */;
			projectDirPath = "";
			projectRoot = "";
			targets = (
				62B318DF1FE6B7DE00F49720 /* Indicators */,
			);
		};
/* End PBXProject section */

/* Begin PBXResourcesBuildPhase section */
		62B318DE1FE6B7DE00F49720 /* Resources */ = {
			isa = PBXResourcesBuildPhase;
			buildActionMask = 2147483647;
			files = (
				62B318EE1FE6B7DE00F49720 /* LaunchScreen.storyboard in Resources */,
				62B318EB1FE6B7DE00F49720 /* Assets.xcassets in Resources */,
				62B318E91FE6B7DE00F49720 /* Main.storyboard in Resources */,
			);
			runOnlyForDeploymentPostprocessing = 0;
		};
/* End PBXResourcesBuildPhase section */

/* Begin PBXShellScriptBuildPhase section */
		5A6671C1E9AD55566815727F /* [CP] Check Pods Manifest.lock */ = {
			isa = PBXShellScriptBuildPhase;
			buildActionMask = 2147483647;
			files = (
			);
			inputPaths = (
				"${PODS_PODFILE_DIR_PATH}/Podfile.lock",
				"${PODS_ROOT}/Manifest.lock",
			);
			name = "[CP] Check Pods Manifest.lock";
			outputPaths = (
				"$(DERIVED_FILE_DIR)/Pods-Indicators-checkManifestLockResult.txt",
			);
			runOnlyForDeploymentPostprocessing = 0;
			shellPath = /bin/sh;
			shellScript = "diff \"${PODS_PODFILE_DIR_PATH}/Podfile.lock\" \"${PODS_ROOT}/Manifest.lock\" > /dev/null\nif [ $? != 0 ] ; then\n    # print error to STDERR\n    echo \"error: The sandbox is not in sync with the Podfile.lock. Run 'pod install' or update your CocoaPods installation.\" >&2\n    exit 1\nfi\n# This output is used by Xcode 'outputs' to avoid re-running this script phase.\necho \"SUCCESS\" > \"${SCRIPT_OUTPUT_FILE_0}\"\n";
			showEnvVarsInLog = 0;
		};
		6244D6E0200504D300E134A2 /* ShellScript */ = {
			isa = PBXShellScriptBuildPhase;
			buildActionMask = 2147483647;
			files = (
			);
			inputPaths = (
			);
			outputPaths = (
			);
			runOnlyForDeploymentPostprocessing = 0;
			shellPath = /bin/sh;
			shellScript = "if which swiftlint >/dev/null; then\n  swiftlint\nelse\n  echo \"error: SwiftLint does not exist, download it from https://github.com/realm/SwiftLint\"\n  exit 1\nfi";
		};
		C35585545C7C149D63B5AF2F /* [CP] Embed Pods Frameworks */ = {
			isa = PBXShellScriptBuildPhase;
			buildActionMask = 2147483647;
			files = (
			);
			inputPaths = (
				"${SRCROOT}/Pods/Target Support Files/Pods-Indicators/Pods-Indicators-frameworks.sh",
				"${BUILT_PRODUCTS_DIR}/Charts/Charts.framework",
				"${BUILT_PRODUCTS_DIR}/RxCocoa/RxCocoa.framework",
				"${BUILT_PRODUCTS_DIR}/RxSwift/RxSwift.framework",
				"${BUILT_PRODUCTS_DIR}/UIColor_Hex_Swift/UIColor_Hex_Swift.framework",
			);
			name = "[CP] Embed Pods Frameworks";
			outputPaths = (
				"${TARGET_BUILD_DIR}/${FRAMEWORKS_FOLDER_PATH}/Charts.framework",
				"${TARGET_BUILD_DIR}/${FRAMEWORKS_FOLDER_PATH}/RxCocoa.framework",
				"${TARGET_BUILD_DIR}/${FRAMEWORKS_FOLDER_PATH}/RxSwift.framework",
				"${TARGET_BUILD_DIR}/${FRAMEWORKS_FOLDER_PATH}/UIColor_Hex_Swift.framework",
			);
			runOnlyForDeploymentPostprocessing = 0;
			shellPath = /bin/sh;
			shellScript = "\"${SRCROOT}/Pods/Target Support Files/Pods-Indicators/Pods-Indicators-frameworks.sh\"\n";
			showEnvVarsInLog = 0;
		};
		D8A209B984A4AAAA75BB3BCA /* [CP] Copy Pods Resources */ = {
			isa = PBXShellScriptBuildPhase;
			buildActionMask = 2147483647;
			files = (
			);
			inputPaths = (
			);
			name = "[CP] Copy Pods Resources";
			outputPaths = (
			);
			runOnlyForDeploymentPostprocessing = 0;
			shellPath = /bin/sh;
			shellScript = "\"${SRCROOT}/Pods/Target Support Files/Pods-Indicators/Pods-Indicators-resources.sh\"\n";
			showEnvVarsInLog = 0;
		};
/* End PBXShellScriptBuildPhase section */

/* Begin PBXSourcesBuildPhase section */
		62B318DC1FE6B7DE00F49720 /* Sources */ = {
			isa = PBXSourcesBuildPhase;
			buildActionMask = 2147483647;
			files = (
				6244D6E42005346500E134A2 /* ChartTableViewCell.swift in Sources */,
				627FECD91FFEE51F001BC474 /* PressureModel.swift in Sources */,
				62B318E61FE6B7DE00F49720 /* DetailViewController.swift in Sources */,
				624493D62005E56400F4884C /* DoubleExtension.swift in Sources */,
				627FECD41FFEE1AF001BC474 /* DashboardViewModel.swift in Sources */,
				62B318E41FE6B7DE00F49720 /* AppDelegate.swift in Sources */,
				627FECD11FFECDE7001BC474 /* DashboardViewController.swift in Sources */,
				622A46B0200041E700ACEB7D /* AccelerometerModel.swift in Sources */,
				622A46AE2000305500ACEB7D /* SensorViewModel.swift in Sources */,
				624493D32005E48100F4884C /* StoryboardExtension.swift in Sources */,
				622A46AC20002AA700ACEB7D /* SensorProtocol.swift in Sources */,
			);
			runOnlyForDeploymentPostprocessing = 0;
		};
/* End PBXSourcesBuildPhase section */

/* Begin PBXVariantGroup section */
		62B318E71FE6B7DE00F49720 /* Main.storyboard */ = {
			isa = PBXVariantGroup;
			children = (
				62B318E81FE6B7DE00F49720 /* Base */,
			);
			name = Main.storyboard;
			sourceTree = "<group>";
		};
		62B318EC1FE6B7DE00F49720 /* LaunchScreen.storyboard */ = {
			isa = PBXVariantGroup;
			children = (
				62B318ED1FE6B7DE00F49720 /* Base */,
			);
			name = LaunchScreen.storyboard;
			sourceTree = "<group>";
		};
/* End PBXVariantGroup section */

/* Begin XCBuildConfiguration section */
		62B318F01FE6B7DE00F49720 /* Debug */ = {
			isa = XCBuildConfiguration;
			buildSettings = {
				ALWAYS_SEARCH_USER_PATHS = NO;
				CLANG_ANALYZER_NONNULL = YES;
				CLANG_ANALYZER_NUMBER_OBJECT_CONVERSION = YES_AGGRESSIVE;
				CLANG_CXX_LANGUAGE_STANDARD = "gnu++14";
				CLANG_CXX_LIBRARY = "libc++";
				CLANG_ENABLE_MODULES = YES;
				CLANG_ENABLE_OBJC_ARC = YES;
				CLANG_WARN_BLOCK_CAPTURE_AUTORELEASING = YES;
				CLANG_WARN_BOOL_CONVERSION = YES;
				CLANG_WARN_COMMA = YES;
				CLANG_WARN_CONSTANT_CONVERSION = YES;
				CLANG_WARN_DIRECT_OBJC_ISA_USAGE = YES_ERROR;
				CLANG_WARN_DOCUMENTATION_COMMENTS = YES;
				CLANG_WARN_EMPTY_BODY = YES;
				CLANG_WARN_ENUM_CONVERSION = YES;
				CLANG_WARN_INFINITE_RECURSION = YES;
				CLANG_WARN_INT_CONVERSION = YES;
				CLANG_WARN_NON_LITERAL_NULL_CONVERSION = YES;
				CLANG_WARN_OBJC_LITERAL_CONVERSION = YES;
				CLANG_WARN_OBJC_ROOT_CLASS = YES_ERROR;
				CLANG_WARN_RANGE_LOOP_ANALYSIS = YES;
				CLANG_WARN_STRICT_PROTOTYPES = YES;
				CLANG_WARN_SUSPICIOUS_MOVE = YES;
				CLANG_WARN_UNGUARDED_AVAILABILITY = YES_AGGRESSIVE;
				CLANG_WARN_UNREACHABLE_CODE = YES;
				CLANG_WARN__DUPLICATE_METHOD_MATCH = YES;
				CODE_SIGN_IDENTITY = "iPhone Developer";
				COPY_PHASE_STRIP = NO;
				DEBUG_INFORMATION_FORMAT = dwarf;
				ENABLE_STRICT_OBJC_MSGSEND = YES;
				ENABLE_TESTABILITY = YES;
				GCC_C_LANGUAGE_STANDARD = gnu11;
				GCC_DYNAMIC_NO_PIC = NO;
				GCC_NO_COMMON_BLOCKS = YES;
				GCC_OPTIMIZATION_LEVEL = 0;
				GCC_PREPROCESSOR_DEFINITIONS = (
					"DEBUG=1",
					"$(inherited)",
				);
				GCC_WARN_64_TO_32_BIT_CONVERSION = YES;
				GCC_WARN_ABOUT_RETURN_TYPE = YES_ERROR;
				GCC_WARN_UNDECLARED_SELECTOR = YES;
				GCC_WARN_UNINITIALIZED_AUTOS = YES_AGGRESSIVE;
				GCC_WARN_UNUSED_FUNCTION = YES;
				GCC_WARN_UNUSED_VARIABLE = YES;
				IPHONEOS_DEPLOYMENT_TARGET = 11.2;
				MTL_ENABLE_DEBUG_INFO = YES;
				ONLY_ACTIVE_ARCH = YES;
				SDKROOT = iphoneos;
				SWIFT_ACTIVE_COMPILATION_CONDITIONS = DEBUG;
				SWIFT_OPTIMIZATION_LEVEL = "-Onone";
			};
			name = Debug;
		};
		62B318F11FE6B7DE00F49720 /* Release */ = {
			isa = XCBuildConfiguration;
			buildSettings = {
				ALWAYS_SEARCH_USER_PATHS = NO;
				CLANG_ANALYZER_NONNULL = YES;
				CLANG_ANALYZER_NUMBER_OBJECT_CONVERSION = YES_AGGRESSIVE;
				CLANG_CXX_LANGUAGE_STANDARD = "gnu++14";
				CLANG_CXX_LIBRARY = "libc++";
				CLANG_ENABLE_MODULES = YES;
				CLANG_ENABLE_OBJC_ARC = YES;
				CLANG_WARN_BLOCK_CAPTURE_AUTORELEASING = YES;
				CLANG_WARN_BOOL_CONVERSION = YES;
				CLANG_WARN_COMMA = YES;
				CLANG_WARN_CONSTANT_CONVERSION = YES;
				CLANG_WARN_DIRECT_OBJC_ISA_USAGE = YES_ERROR;
				CLANG_WARN_DOCUMENTATION_COMMENTS = YES;
				CLANG_WARN_EMPTY_BODY = YES;
				CLANG_WARN_ENUM_CONVERSION = YES;
				CLANG_WARN_INFINITE_RECURSION = YES;
				CLANG_WARN_INT_CONVERSION = YES;
				CLANG_WARN_NON_LITERAL_NULL_CONVERSION = YES;
				CLANG_WARN_OBJC_LITERAL_CONVERSION = YES;
				CLANG_WARN_OBJC_ROOT_CLASS = YES_ERROR;
				CLANG_WARN_RANGE_LOOP_ANALYSIS = YES;
				CLANG_WARN_STRICT_PROTOTYPES = YES;
				CLANG_WARN_SUSPICIOUS_MOVE = YES;
				CLANG_WARN_UNGUARDED_AVAILABILITY = YES_AGGRESSIVE;
				CLANG_WARN_UNREACHABLE_CODE = YES;
				CLANG_WARN__DUPLICATE_METHOD_MATCH = YES;
				CODE_SIGN_IDENTITY = "iPhone Developer";
				COPY_PHASE_STRIP = NO;
				DEBUG_INFORMATION_FORMAT = "dwarf-with-dsym";
				ENABLE_NS_ASSERTIONS = NO;
				ENABLE_STRICT_OBJC_MSGSEND = YES;
				GCC_C_LANGUAGE_STANDARD = gnu11;
				GCC_NO_COMMON_BLOCKS = YES;
				GCC_WARN_64_TO_32_BIT_CONVERSION = YES;
				GCC_WARN_ABOUT_RETURN_TYPE = YES_ERROR;
				GCC_WARN_UNDECLARED_SELECTOR = YES;
				GCC_WARN_UNINITIALIZED_AUTOS = YES_AGGRESSIVE;
				GCC_WARN_UNUSED_FUNCTION = YES;
				GCC_WARN_UNUSED_VARIABLE = YES;
				IPHONEOS_DEPLOYMENT_TARGET = 11.2;
				MTL_ENABLE_DEBUG_INFO = NO;
				SDKROOT = iphoneos;
				SWIFT_OPTIMIZATION_LEVEL = "-Owholemodule";
				VALIDATE_PRODUCT = YES;
			};
			name = Release;
		};
		62B318F31FE6B7DE00F49720 /* Debug */ = {
			isa = XCBuildConfiguration;
			baseConfigurationReference = 377422CF3AE36A7B710ADBEC /* Pods-Indicators.debug.xcconfig */;
			buildSettings = {
				ASSETCATALOG_COMPILER_APPICON_NAME = AppIcon;
				CODE_SIGN_STYLE = Automatic;
				DEVELOPMENT_TEAM = 4T9XHZX96G;
				INFOPLIST_FILE = Indicators/Info.plist;
				IPHONEOS_DEPLOYMENT_TARGET = 10.0;
				LD_RUNPATH_SEARCH_PATHS = "$(inherited) @executable_path/Frameworks";
				PRODUCT_BUNDLE_IDENTIFIER = igornabokov.Indicators;
				PRODUCT_NAME = "$(TARGET_NAME)";
				SWIFT_VERSION = 4.0;
				TARGETED_DEVICE_FAMILY = "1,2";
			};
			name = Debug;
		};
		62B318F41FE6B7DE00F49720 /* Release */ = {
			isa = XCBuildConfiguration;
			baseConfigurationReference = 70B53CB37FECA562F49ACE09 /* Pods-Indicators.release.xcconfig */;
			buildSettings = {
				ASSETCATALOG_COMPILER_APPICON_NAME = AppIcon;
				CODE_SIGN_STYLE = Automatic;
				DEVELOPMENT_TEAM = 4T9XHZX96G;
				INFOPLIST_FILE = Indicators/Info.plist;
				IPHONEOS_DEPLOYMENT_TARGET = 10.0;
				LD_RUNPATH_SEARCH_PATHS = "$(inherited) @executable_path/Frameworks";
				PRODUCT_BUNDLE_IDENTIFIER = igornabokov.Indicators;
				PRODUCT_NAME = "$(TARGET_NAME)";
				SWIFT_VERSION = 4.0;
				TARGETED_DEVICE_FAMILY = "1,2";
			};
			name = Release;
		};
/* End XCBuildConfiguration section */

/* Begin XCConfigurationList section */
		62B318DB1FE6B7DE00F49720 /* Build configuration list for PBXProject "Indicators" */ = {
			isa = XCConfigurationList;
			buildConfigurations = (
				62B318F01FE6B7DE00F49720 /* Debug */,
				62B318F11FE6B7DE00F49720 /* Release */,
			);
			defaultConfigurationIsVisible = 0;
			defaultConfigurationName = Release;
		};
		62B318F21FE6B7DE00F49720 /* Build configuration list for PBXNativeTarget "Indicators" */ = {
			isa = XCConfigurationList;
			buildConfigurations = (
				62B318F31FE6B7DE00F49720 /* Debug */,
				62B318F41FE6B7DE00F49720 /* Release */,
			);
			defaultConfigurationIsVisible = 0;
			defaultConfigurationName = Release;
		};
/* End XCConfigurationList section */
	};
	rootObject = 62B318D81FE6B7DE00F49720 /* Project object */;
}
